# This file is automatically @generated by Cargo.
# It is not intended for manual editing.
version = 4

[[package]]
name = "akari-cli"
version = "0.1.0"
dependencies = [
 "akari-core",
 "akari-markdown",
]

[[package]]
name = "akari-core"
version = "0.1.0"

[[package]]
name = "akari-ffi"
version = "0.1.0"
dependencies = [
 "akari-core",
 "akari-markdown",
]

[[package]]
name = "akari-markdown"
version = "0.1.0"
